
Microsoft Visual Studio Solution File, Format Version 12.00
# Visual Studio Version 17
VisualStudioVersion = 17.0.31903.59
MinimumVisualStudioVersion = 10.0.40219.1
Project("{FAE04EC0-301F-11D3-BF4B-00C04F79EFBC}") = "API", "API\API.csproj", "{A7167FE7-6E92-4E91-BA53-E1E89EC48A5A}"
EndProject
Project("{FAE04EC0-301F-11D3-BF4B-00C04F79EFBC}") = "Core", "Core\Core.csproj", "{71715C82-B918-491E-B765-727C0B71CAED}"
EndProject
Project("{FAE04EC0-301F-11D3-BF4B-00C04F79EFBC}") = "Infrastructure", "Infrastructure\Infrastructure.csproj", "{5D320703-D1D6-4AAF-B8CA-FA17E6260582}"
EndProject
Global
	GlobalSection(SolutionConfigurationPlatforms) = preSolution
		Debug|Any CPU = Debug|Any CPU
		Release|Any CPU = Release|Any CPU
	EndGlobalSection
	GlobalSection(SolutionProperties) = preSolution
		HideSolutionNode = FALSE
	EndGlobalSection
	GlobalSection(ProjectConfigurationPlatforms) = postSolution
		{A7167FE7-6E92-4E91-BA53-E1E89EC48A5A}.Debug|Any CPU.ActiveCfg = Debug|Any CPU
		{A7167FE7-6E92-4E91-BA53-E1E89EC48A5A}.Debug|Any CPU.Build.0 = Debug|Any CPU
		{A7167FE7-6E92-4E91-BA53-E1E89EC48A5A}.Release|Any CPU.ActiveCfg = Release|Any CPU
		{A7167FE7-6E92-4E91-BA53-E1E89EC48A5A}.Release|Any CPU.Build.0 = Release|Any CPU
		{71715C82-B918-491E-B765-727C0B71CAED}.Debug|Any CPU.ActiveCfg = Debug|Any CPU
		{71715C82-B918-491E-B765-727C0B71CAED}.Debug|Any CPU.Build.0 = Debug|Any CPU
		{71715C82-B918-491E-B765-727C0B71CAED}.Release|Any CPU.ActiveCfg = Release|Any CPU
		{71715C82-B918-491E-B765-727C0B71CAED}.Release|Any CPU.Build.0 = Release|Any CPU
		{5D320703-D1D6-4AAF-B8CA-FA17E6260582}.Debug|Any CPU.ActiveCfg = Debug|Any CPU
		{5D320703-D1D6-4AAF-B8CA-FA17E6260582}.Debug|Any CPU.Build.0 = Debug|Any CPU
		{5D320703-D1D6-4AAF-B8CA-FA17E6260582}.Release|Any CPU.ActiveCfg = Release|Any CPU
		{5D320703-D1D6-4AAF-B8CA-FA17E6260582}.Release|Any CPU.Build.0 = Release|Any CPU
	EndGlobalSection
EndGlobal
